// !$*UTF8*$!
{
	archiveVersion = 1;
	classes = {
	};
	objectVersion = 51;
	objects = {

/* Begin PBXBuildFile section */
		3A4D910E23048E92001EAB6D /* AppDelegate.swift in Sources */ = {isa = PBXBuildFile; fileRef = 3A4D910D23048E92001EAB6D /* AppDelegate.swift */; };
		3A4D911023048E92001EAB6D /* ViewController.swift in Sources */ = {isa = PBXBuildFile; fileRef = 3A4D910F23048E92001EAB6D /* ViewController.swift */; };
		3A4D911323048E92001EAB6D /* Main.storyboard in Resources */ = {isa = PBXBuildFile; fileRef = 3A4D911123048E92001EAB6D /* Main.storyboard */; };
		3A4D911623048E92001EAB6D /* ReSwiftNanoChallenge.xcdatamodeld in Sources */ = {isa = PBXBuildFile; fileRef = 3A4D911423048E92001EAB6D /* ReSwiftNanoChallenge.xcdatamodeld */; };
		3A4D911823048E93001EAB6D /* Assets.xcassets in Resources */ = {isa = PBXBuildFile; fileRef = 3A4D911723048E93001EAB6D /* Assets.xcassets */; };
		3A4D911B23048E93001EAB6D /* LaunchScreen.storyboard in Resources */ = {isa = PBXBuildFile; fileRef = 3A4D911923048E93001EAB6D /* LaunchScreen.storyboard */; };
		3A4D912A23049831001EAB6D /* MoviedbAPI.swift in Sources */ = {isa = PBXBuildFile; fileRef = 3A4D912923049831001EAB6D /* MoviedbAPI.swift */; };
		A2FD5E93E15B132ACA1F3BA0 /* Pods_ReSwiftNanoChallenge.framework in Frameworks */ = {isa = PBXBuildFile; fileRef = 368B41EE7B1A6041BCBC340B /* Pods_ReSwiftNanoChallenge.framework */; };
		AA32A62923071EA200DC41E8 /* PopularState.swift in Sources */ = {isa = PBXBuildFile; fileRef = AA32A62823071EA200DC41E8 /* PopularState.swift */; };
		AA32A62B230727FB00DC41E8 /* PopularReducer.swift in Sources */ = {isa = PBXBuildFile; fileRef = AA32A62A230727FB00DC41E8 /* PopularReducer.swift */; };
		AA32A62D2307300400DC41E8 /* NowPlayingTableViewCell.swift in Sources */ = {isa = PBXBuildFile; fileRef = AA32A62C2307300400DC41E8 /* NowPlayingTableViewCell.swift */; };
		AAFC2B022305F380008FC5C5 /* MainViewController.swift in Sources */ = {isa = PBXBuildFile; fileRef = AAFC2B012305F380008FC5C5 /* MainViewController.swift */; };
		AAFC2B062305FEB6008FC5C5 /* AppState.swift in Sources */ = {isa = PBXBuildFile; fileRef = AAFC2B052305FEB6008FC5C5 /* AppState.swift */; };
		AAFC2B0A2305FFED008FC5C5 /* AppReducer.swift in Sources */ = {isa = PBXBuildFile; fileRef = AAFC2B092305FFED008FC5C5 /* AppReducer.swift */; };
		AAFC2B0C23060692008FC5C5 /* NowPlayingState.swift in Sources */ = {isa = PBXBuildFile; fileRef = AAFC2B0B23060692008FC5C5 /* NowPlayingState.swift */; };
		AAFC2B0E230607C2008FC5C5 /* NowPlayingReducer.swift in Sources */ = {isa = PBXBuildFile; fileRef = AAFC2B0D230607C2008FC5C5 /* NowPlayingReducer.swift */; };
/* End PBXBuildFile section */

/* Begin PBXFileReference section */
		0EBAE9EA75763331F55B4DD3 /* Pods-ReSwiftNanoChallenge.debug.xcconfig */ = {isa = PBXFileReference; includeInIndex = 1; lastKnownFileType = text.xcconfig; name = "Pods-ReSwiftNanoChallenge.debug.xcconfig"; path = "Target Support Files/Pods-ReSwiftNanoChallenge/Pods-ReSwiftNanoChallenge.debug.xcconfig"; sourceTree = "<group>"; };
		368B41EE7B1A6041BCBC340B /* Pods_ReSwiftNanoChallenge.framework */ = {isa = PBXFileReference; explicitFileType = wrapper.framework; includeInIndex = 0; path = Pods_ReSwiftNanoChallenge.framework; sourceTree = BUILT_PRODUCTS_DIR; };
		3A4D910A23048E92001EAB6D /* ReSwiftNanoChallenge.app */ = {isa = PBXFileReference; explicitFileType = wrapper.application; includeInIndex = 0; path = ReSwiftNanoChallenge.app; sourceTree = BUILT_PRODUCTS_DIR; };
		3A4D910D23048E92001EAB6D /* AppDelegate.swift */ = {isa = PBXFileReference; lastKnownFileType = sourcecode.swift; path = AppDelegate.swift; sourceTree = "<group>"; };
		3A4D910F23048E92001EAB6D /* ViewController.swift */ = {isa = PBXFileReference; lastKnownFileType = sourcecode.swift; path = ViewController.swift; sourceTree = "<group>"; };
		3A4D911223048E92001EAB6D /* Base */ = {isa = PBXFileReference; lastKnownFileType = file.storyboard; name = Base; path = Base.lproj/Main.storyboard; sourceTree = "<group>"; };
		3A4D911523048E92001EAB6D /* ReSwiftNanoChallenge.xcdatamodel */ = {isa = PBXFileReference; lastKnownFileType = wrapper.xcdatamodel; path = ReSwiftNanoChallenge.xcdatamodel; sourceTree = "<group>"; };
		3A4D911723048E93001EAB6D /* Assets.xcassets */ = {isa = PBXFileReference; lastKnownFileType = folder.assetcatalog; path = Assets.xcassets; sourceTree = "<group>"; };
		3A4D911A23048E93001EAB6D /* Base */ = {isa = PBXFileReference; lastKnownFileType = file.storyboard; name = Base; path = Base.lproj/LaunchScreen.storyboard; sourceTree = "<group>"; };
		3A4D911C23048E93001EAB6D /* Info.plist */ = {isa = PBXFileReference; lastKnownFileType = text.plist.xml; path = Info.plist; sourceTree = "<group>"; };
		3A4D912923049831001EAB6D /* MoviedbAPI.swift */ = {isa = PBXFileReference; lastKnownFileType = sourcecode.swift; path = MoviedbAPI.swift; sourceTree = "<group>"; };
		AA32A62823071EA200DC41E8 /* PopularState.swift */ = {isa = PBXFileReference; lastKnownFileType = sourcecode.swift; path = PopularState.swift; sourceTree = "<group>"; };
		AA32A62A230727FB00DC41E8 /* PopularReducer.swift */ = {isa = PBXFileReference; lastKnownFileType = sourcecode.swift; path = PopularReducer.swift; sourceTree = "<group>"; };
		AA32A62C2307300400DC41E8 /* NowPlayingTableViewCell.swift */ = {isa = PBXFileReference; lastKnownFileType = sourcecode.swift; path = NowPlayingTableViewCell.swift; sourceTree = "<group>"; };
		AAFC2B012305F380008FC5C5 /* MainViewController.swift */ = {isa = PBXFileReference; lastKnownFileType = sourcecode.swift; path = MainViewController.swift; sourceTree = "<group>"; };
		AAFC2B052305FEB6008FC5C5 /* AppState.swift */ = {isa = PBXFileReference; lastKnownFileType = sourcecode.swift; name = AppState.swift; path = ReSwiftNanoChallenge/View/AppState.swift; sourceTree = SOURCE_ROOT; };
		AAFC2B092305FFED008FC5C5 /* AppReducer.swift */ = {isa = PBXFileReference; lastKnownFileType = sourcecode.swift; name = AppReducer.swift; path = ReSwiftNanoChallenge/View/AppReducer.swift; sourceTree = SOURCE_ROOT; };
		AAFC2B0B23060692008FC5C5 /* NowPlayingState.swift */ = {isa = PBXFileReference; lastKnownFileType = sourcecode.swift; name = NowPlayingState.swift; path = ReSwiftNanoChallenge/View/NowPlayingState.swift; sourceTree = SOURCE_ROOT; };
		AAFC2B0D230607C2008FC5C5 /* NowPlayingReducer.swift */ = {isa = PBXFileReference; lastKnownFileType = sourcecode.swift; name = NowPlayingReducer.swift; path = ReSwiftNanoChallenge/View/NowPlayingReducer.swift; sourceTree = SOURCE_ROOT; };
		FF25C26D136B53D08B4471D1 /* Pods-ReSwiftNanoChallenge.release.xcconfig */ = {isa = PBXFileReference; includeInIndex = 1; lastKnownFileType = text.xcconfig; name = "Pods-ReSwiftNanoChallenge.release.xcconfig"; path = "Target Support Files/Pods-ReSwiftNanoChallenge/Pods-ReSwiftNanoChallenge.release.xcconfig"; sourceTree = "<group>"; };
/* End PBXFileReference section */

/* Begin PBXFrameworksBuildPhase section */
		3A4D910723048E92001EAB6D /* Frameworks */ = {
			isa = PBXFrameworksBuildPhase;
			buildActionMask = 2147483647;
			files = (
				A2FD5E93E15B132ACA1F3BA0 /* Pods_ReSwiftNanoChallenge.framework in Frameworks */,
			);
			runOnlyForDeploymentPostprocessing = 0;
		};
/* End PBXFrameworksBuildPhase section */

/* Begin PBXGroup section */
		3A4D910123048E92001EAB6D = {
			isa = PBXGroup;
			children = (
				3A4D910C23048E92001EAB6D /* ReSwiftNanoChallenge */,
				3A4D910F23048E92001EAB6D /* ViewController.swift */,
				3A4D910B23048E92001EAB6D /* Products */,
				BE33B8577B84E694B4BD2B6B /* Pods */,
				DDD454A2786492CFCC3BEAAA /* Frameworks */,
			);
			sourceTree = "<group>";
		};
		3A4D910B23048E92001EAB6D /* Products */ = {
			isa = PBXGroup;
			children = (
				3A4D910A23048E92001EAB6D /* ReSwiftNanoChallenge.app */,
			);
			name = Products;
			sourceTree = "<group>";
		};
		3A4D910C23048E92001EAB6D /* ReSwiftNanoChallenge */ = {
			isa = PBXGroup;
			children = (
				3A4D9128230497B6001EAB6D /* Network */,
				3A4D9126230497A0001EAB6D /* Model */,
				3A4D9125230495E0001EAB6D /* Action */,
				3A4D9124230495D4001EAB6D /* Reducer */,
				3A4D9123230495C8001EAB6D /* State */,
				3A4D91222304951F001EAB6D /* Support */,
				AAFC2B002305F32F008FC5C5 /* View */,
			);
			path = ReSwiftNanoChallenge;
			sourceTree = "<group>";
		};
		3A4D91222304951F001EAB6D /* Support */ = {
			isa = PBXGroup;
			children = (
				3A4D911423048E92001EAB6D /* ReSwiftNanoChallenge.xcdatamodeld */,
				3A4D911923048E93001EAB6D /* LaunchScreen.storyboard */,
				3A4D911C23048E93001EAB6D /* Info.plist */,
				3A4D911723048E93001EAB6D /* Assets.xcassets */,
				3A4D910D23048E92001EAB6D /* AppDelegate.swift */,
			);
			path = Support;
			sourceTree = "<group>";
		};
		3A4D9123230495C8001EAB6D /* State */ = {
			isa = PBXGroup;
			children = (
				AAFC2B052305FEB6008FC5C5 /* AppState.swift */,
				AAFC2B0B23060692008FC5C5 /* NowPlayingState.swift */,
				AA32A62823071EA200DC41E8 /* PopularState.swift */,
			);
			path = State;
			sourceTree = "<group>";
		};
		3A4D9124230495D4001EAB6D /* Reducer */ = {
			isa = PBXGroup;
			children = (
				AAFC2B092305FFED008FC5C5 /* AppReducer.swift */,
				AAFC2B0D230607C2008FC5C5 /* NowPlayingReducer.swift */,
				AA32A62A230727FB00DC41E8 /* PopularReducer.swift */,
			);
			path = Reducer;
			sourceTree = "<group>";
		};
		3A4D9125230495E0001EAB6D /* Action */ = {
			isa = PBXGroup;
			children = (
			);
			path = Action;
			sourceTree = "<group>";
		};
		3A4D9126230497A0001EAB6D /* Model */ = {
			isa = PBXGroup;
			children = (
			);
			path = Model;
			sourceTree = "<group>";
		};
		3A4D9128230497B6001EAB6D /* Network */ = {
			isa = PBXGroup;
			children = (
				3A4D912923049831001EAB6D /* MoviedbAPI.swift */,
			);
			path = Network;
			sourceTree = "<group>";
		};
		AAFC2B002305F32F008FC5C5 /* View */ = {
			isa = PBXGroup;
			children = (
				3A4D911123048E92001EAB6D /* Main.storyboard */,
				AAFC2B012305F380008FC5C5 /* MainViewController.swift */,
				AA32A62C2307300400DC41E8 /* NowPlayingTableViewCell.swift */,
			);
			path = View;
			sourceTree = "<group>";
		};
		BE33B8577B84E694B4BD2B6B /* Pods */ = {
			isa = PBXGroup;
			children = (
				0EBAE9EA75763331F55B4DD3 /* Pods-ReSwiftNanoChallenge.debug.xcconfig */,
				FF25C26D136B53D08B4471D1 /* Pods-ReSwiftNanoChallenge.release.xcconfig */,
			);
			path = Pods;
			sourceTree = "<group>";
		};
		DDD454A2786492CFCC3BEAAA /* Frameworks */ = {
			isa = PBXGroup;
			children = (
				368B41EE7B1A6041BCBC340B /* Pods_ReSwiftNanoChallenge.framework */,
			);
			name = Frameworks;
			sourceTree = "<group>";
		};
/* End PBXGroup section */

/* Begin PBXNativeTarget section */
		3A4D910923048E92001EAB6D /* ReSwiftNanoChallenge */ = {
			isa = PBXNativeTarget;
			buildConfigurationList = 3A4D911F23048E93001EAB6D /* Build configuration list for PBXNativeTarget "ReSwiftNanoChallenge" */;
			buildPhases = (
				634A52AF257B240FE8DDCE6F /* [CP] Check Pods Manifest.lock */,
				3A4D910623048E92001EAB6D /* Sources */,
				3A4D910723048E92001EAB6D /* Frameworks */,
				3A4D910823048E92001EAB6D /* Resources */,
				55D73841B048C3500AB80F7C /* [CP] Embed Pods Frameworks */,
			);
			buildRules = (
			);
			dependencies = (
			);
			name = ReSwiftNanoChallenge;
			productName = ReSwiftNanoChallenge;
			productReference = 3A4D910A23048E92001EAB6D /* ReSwiftNanoChallenge.app */;
			productType = "com.apple.product-type.application";
		};
/* End PBXNativeTarget section */

/* Begin PBXProject section */
		3A4D910223048E92001EAB6D /* Project object */ = {
			isa = PBXProject;
			attributes = {
				LastSwiftUpdateCheck = 1030;
				LastUpgradeCheck = 1030;
				ORGANIZATIONNAME = "Raul Rodrigues";
				TargetAttributes = {
					3A4D910923048E92001EAB6D = {
						CreatedOnToolsVersion = 10.3;
					};
				};
			};
			buildConfigurationList = 3A4D910523048E92001EAB6D /* Build configuration list for PBXProject "ReSwiftNanoChallenge" */;
			compatibilityVersion = "Xcode 9.3";
			developmentRegion = en;
			hasScannedForEncodings = 0;
			knownRegions = (
				en,
				Base,
			);
			mainGroup = 3A4D910123048E92001EAB6D;
			productRefGroup = 3A4D910B23048E92001EAB6D /* Products */;
			projectDirPath = "";
			projectRoot = "";
			targets = (
				3A4D910923048E92001EAB6D /* ReSwiftNanoChallenge */,
			);
		};
/* End PBXProject section */

/* Begin PBXResourcesBuildPhase section */
		3A4D910823048E92001EAB6D /* Resources */ = {
			isa = PBXResourcesBuildPhase;
			buildActionMask = 2147483647;
			files = (
				3A4D911B23048E93001EAB6D /* LaunchScreen.storyboard in Resources */,
				3A4D911823048E93001EAB6D /* Assets.xcassets in Resources */,
				3A4D911323048E92001EAB6D /* Main.storyboard in Resources */,
			);
			runOnlyForDeploymentPostprocessing = 0;
		};
/* End PBXResourcesBuildPhase section */

/* Begin PBXShellScriptBuildPhase section */
		55D73841B048C3500AB80F7C /* [CP] Embed Pods Frameworks */ = {
			isa = PBXShellScriptBuildPhase;
			buildActionMask = 2147483647;
			files = (
			);
			inputFileListPaths = (
				"${PODS_ROOT}/Target Support Files/Pods-ReSwiftNanoChallenge/Pods-ReSwiftNanoChallenge-frameworks-${CONFIGURATION}-input-files.xcfilelist",
			);
			name = "[CP] Embed Pods Frameworks";
			outputFileListPaths = (
				"${PODS_ROOT}/Target Support Files/Pods-ReSwiftNanoChallenge/Pods-ReSwiftNanoChallenge-frameworks-${CONFIGURATION}-output-files.xcfilelist",
			);
			runOnlyForDeploymentPostprocessing = 0;
			shellPath = /bin/sh;
			shellScript = "\"${PODS_ROOT}/Target Support Files/Pods-ReSwiftNanoChallenge/Pods-ReSwiftNanoChallenge-frameworks.sh\"\n";
			showEnvVarsInLog = 0;
		};
		634A52AF257B240FE8DDCE6F /* [CP] Check Pods Manifest.lock */ = {
			isa = PBXShellScriptBuildPhase;
			buildActionMask = 2147483647;
			files = (
			);
			inputFileListPaths = (
			);
			inputPaths = (
				"${PODS_PODFILE_DIR_PATH}/Podfile.lock",
				"${PODS_ROOT}/Manifest.lock",
			);
			name = "[CP] Check Pods Manifest.lock";
			outputFileListPaths = (
			);
			outputPaths = (
				"$(DERIVED_FILE_DIR)/Pods-ReSwiftNanoChallenge-checkManifestLockResult.txt",
			);
			runOnlyForDeploymentPostprocessing = 0;
			shellPath = /bin/sh;
			shellScript = "diff \"${PODS_PODFILE_DIR_PATH}/Podfile.lock\" \"${PODS_ROOT}/Manifest.lock\" > /dev/null\nif [ $? != 0 ] ; then\n    # print error to STDERR\n    echo \"error: The sandbox is not in sync with the Podfile.lock. Run 'pod install' or update your CocoaPods installation.\" >&2\n    exit 1\nfi\n# This output is used by Xcode 'outputs' to avoid re-running this script phase.\necho \"SUCCESS\" > \"${SCRIPT_OUTPUT_FILE_0}\"\n";
			showEnvVarsInLog = 0;
		};
/* End PBXShellScriptBuildPhase section */

/* Begin PBXSourcesBuildPhase section */
		3A4D910623048E92001EAB6D /* Sources */ = {
			isa = PBXSourcesBuildPhase;
			buildActionMask = 2147483647;
			files = (
				3A4D911023048E92001EAB6D /* ViewController.swift in Sources */,
				3A4D910E23048E92001EAB6D /* AppDelegate.swift in Sources */,
				AAFC2B0E230607C2008FC5C5 /* NowPlayingReducer.swift in Sources */,
				AAFC2B0C23060692008FC5C5 /* NowPlayingState.swift in Sources */,
				AAFC2B062305FEB6008FC5C5 /* AppState.swift in Sources */,
				AAFC2B0A2305FFED008FC5C5 /* AppReducer.swift in Sources */,
				AA32A62B230727FB00DC41E8 /* PopularReducer.swift in Sources */,
				AA32A62D2307300400DC41E8 /* NowPlayingTableViewCell.swift in Sources */,
				AA32A62923071EA200DC41E8 /* PopularState.swift in Sources */,
				3A4D911623048E92001EAB6D /* ReSwiftNanoChallenge.xcdatamodeld in Sources */,
				3A4D912A23049831001EAB6D /* MoviedbAPI.swift in Sources */,
				AAFC2B022305F380008FC5C5 /* MainViewController.swift in Sources */,
			);
			runOnlyForDeploymentPostprocessing = 0;
		};
/* End PBXSourcesBuildPhase section */

/* Begin PBXVariantGroup section */
		3A4D911123048E92001EAB6D /* Main.storyboard */ = {
			isa = PBXVariantGroup;
			children = (
				3A4D911223048E92001EAB6D /* Base */,
			);
			name = Main.storyboard;
			sourceTree = "<group>";
		};
		3A4D911923048E93001EAB6D /* LaunchScreen.storyboard */ = {
			isa = PBXVariantGroup;
			children = (
				3A4D911A23048E93001EAB6D /* Base */,
			);
			name = LaunchScreen.storyboard;
			sourceTree = "<group>";
		};
/* End PBXVariantGroup section */

/* Begin XCBuildConfiguration section */
		3A4D911D23048E93001EAB6D /* Debug */ = {
			isa = XCBuildConfiguration;
			buildSettings = {
				ALWAYS_SEARCH_USER_PATHS = NO;
				CLANG_ANALYZER_NONNULL = YES;
				CLANG_ANALYZER_NUMBER_OBJECT_CONVERSION = YES_AGGRESSIVE;
				CLANG_CXX_LANGUAGE_STANDARD = "gnu++14";
				CLANG_CXX_LIBRARY = "libc++";
				CLANG_ENABLE_MODULES = YES;
				CLANG_ENABLE_OBJC_ARC = YES;
				CLANG_ENABLE_OBJC_WEAK = YES;
				CLANG_WARN_BLOCK_CAPTURE_AUTORELEASING = YES;
				CLANG_WARN_BOOL_CONVERSION = YES;
				CLANG_WARN_COMMA = YES;
				CLANG_WARN_CONSTANT_CONVERSION = YES;
				CLANG_WARN_DEPRECATED_OBJC_IMPLEMENTATIONS = YES;
				CLANG_WARN_DIRECT_OBJC_ISA_USAGE = YES_ERROR;
				CLANG_WARN_DOCUMENTATION_COMMENTS = YES;
				CLANG_WARN_EMPTY_BODY = YES;
				CLANG_WARN_ENUM_CONVERSION = YES;
				CLANG_WARN_INFINITE_RECURSION = YES;
				CLANG_WARN_INT_CONVERSION = YES;
				CLANG_WARN_NON_LITERAL_NULL_CONVERSION = YES;
				CLANG_WARN_OBJC_IMPLICIT_RETAIN_SELF = YES;
				CLANG_WARN_OBJC_LITERAL_CONVERSION = YES;
				CLANG_WARN_OBJC_ROOT_CLASS = YES_ERROR;
				CLANG_WARN_RANGE_LOOP_ANALYSIS = YES;
				CLANG_WARN_STRICT_PROTOTYPES = YES;
				CLANG_WARN_SUSPICIOUS_MOVE = YES;
				CLANG_WARN_UNGUARDED_AVAILABILITY = YES_AGGRESSIVE;
				CLANG_WARN_UNREACHABLE_CODE = YES;
				CLANG_WARN__DUPLICATE_METHOD_MATCH = YES;
				CODE_SIGN_IDENTITY = "iPhone Developer";
				COPY_PHASE_STRIP = NO;
				DEBUG_INFORMATION_FORMAT = dwarf;
				ENABLE_STRICT_OBJC_MSGSEND = YES;
				ENABLE_TESTABILITY = YES;
				GCC_C_LANGUAGE_STANDARD = gnu11;
				GCC_DYNAMIC_NO_PIC = NO;
				GCC_NO_COMMON_BLOCKS = YES;
				GCC_OPTIMIZATION_LEVEL = 0;
				GCC_PREPROCESSOR_DEFINITIONS = (
					"DEBUG=1",
					"$(inherited)",
				);
				GCC_WARN_64_TO_32_BIT_CONVERSION = YES;
				GCC_WARN_ABOUT_RETURN_TYPE = YES_ERROR;
				GCC_WARN_UNDECLARED_SELECTOR = YES;
				GCC_WARN_UNINITIALIZED_AUTOS = YES_AGGRESSIVE;
				GCC_WARN_UNUSED_FUNCTION = YES;
				GCC_WARN_UNUSED_VARIABLE = YES;
				IPHONEOS_DEPLOYMENT_TARGET = 12.4;
				MTL_ENABLE_DEBUG_INFO = INCLUDE_SOURCE;
				MTL_FAST_MATH = YES;
				ONLY_ACTIVE_ARCH = YES;
				SDKROOT = iphoneos;
				SWIFT_ACTIVE_COMPILATION_CONDITIONS = DEBUG;
				SWIFT_OPTIMIZATION_LEVEL = "-Onone";
			};
			name = Debug;
		};
		3A4D911E23048E93001EAB6D /* Release */ = {
			isa = XCBuildConfiguration;
			buildSettings = {
				ALWAYS_SEARCH_USER_PATHS = NO;
				CLANG_ANALYZER_NONNULL = YES;
				CLANG_ANALYZER_NUMBER_OBJECT_CONVERSION = YES_AGGRESSIVE;
				CLANG_CXX_LANGUAGE_STANDARD = "gnu++14";
				CLANG_CXX_LIBRARY = "libc++";
				CLANG_ENABLE_MODULES = YES;
				CLANG_ENABLE_OBJC_ARC = YES;
				CLANG_ENABLE_OBJC_WEAK = YES;
				CLANG_WARN_BLOCK_CAPTURE_AUTORELEASING = YES;
				CLANG_WARN_BOOL_CONVERSION = YES;
				CLANG_WARN_COMMA = YES;
				CLANG_WARN_CONSTANT_CONVERSION = YES;
				CLANG_WARN_DEPRECATED_OBJC_IMPLEMENTATIONS = YES;
				CLANG_WARN_DIRECT_OBJC_ISA_USAGE = YES_ERROR;
				CLANG_WARN_DOCUMENTATION_COMMENTS = YES;
				CLANG_WARN_EMPTY_BODY = YES;
				CLANG_WARN_ENUM_CONVERSION = YES;
				CLANG_WARN_INFINITE_RECURSION = YES;
				CLANG_WARN_INT_CONVERSION = YES;
				CLANG_WARN_NON_LITERAL_NULL_CONVERSION = YES;
				CLANG_WARN_OBJC_IMPLICIT_RETAIN_SELF = YES;
				CLANG_WARN_OBJC_LITERAL_CONVERSION = YES;
				CLANG_WARN_OBJC_ROOT_CLASS = YES_ERROR;
				CLANG_WARN_RANGE_LOOP_ANALYSIS = YES;
				CLANG_WARN_STRICT_PROTOTYPES = YES;
				CLANG_WARN_SUSPICIOUS_MOVE = YES;
				CLANG_WARN_UNGUARDED_AVAILABILITY = YES_AGGRESSIVE;
				CLANG_WARN_UNREACHABLE_CODE = YES;
				CLANG_WARN__DUPLICATE_METHOD_MATCH = YES;
				CODE_SIGN_IDENTITY = "iPhone Developer";
				COPY_PHASE_STRIP = NO;
				DEBUG_INFORMATION_FORMAT = "dwarf-with-dsym";
				ENABLE_NS_ASSERTIONS = NO;
				ENABLE_STRICT_OBJC_MSGSEND = YES;
				GCC_C_LANGUAGE_STANDARD = gnu11;
				GCC_NO_COMMON_BLOCKS = YES;
				GCC_WARN_64_TO_32_BIT_CONVERSION = YES;
				GCC_WARN_ABOUT_RETURN_TYPE = YES_ERROR;
				GCC_WARN_UNDECLARED_SELECTOR = YES;
				GCC_WARN_UNINITIALIZED_AUTOS = YES_AGGRESSIVE;
				GCC_WARN_UNUSED_FUNCTION = YES;
				GCC_WARN_UNUSED_VARIABLE = YES;
				IPHONEOS_DEPLOYMENT_TARGET = 12.4;
				MTL_ENABLE_DEBUG_INFO = NO;
				MTL_FAST_MATH = YES;
				SDKROOT = iphoneos;
				SWIFT_COMPILATION_MODE = wholemodule;
				SWIFT_OPTIMIZATION_LEVEL = "-O";
				VALIDATE_PRODUCT = YES;
			};
			name = Release;
		};
		3A4D912023048E93001EAB6D /* Debug */ = {
			isa = XCBuildConfiguration;
			baseConfigurationReference = 0EBAE9EA75763331F55B4DD3 /* Pods-ReSwiftNanoChallenge.debug.xcconfig */;
			buildSettings = {
				ASSETCATALOG_COMPILER_APPICON_NAME = AppIcon;
				CODE_SIGN_STYLE = Automatic;
				DEVELOPMENT_TEAM = V4HVD5P383;
				INFOPLIST_FILE = "$(SRCROOT)/ReSwiftNanoChallenge/Support/Info.plist";
				LD_RUNPATH_SEARCH_PATHS = (
					"$(inherited)",
					"@executable_path/Frameworks",
				);
				PRODUCT_BUNDLE_IDENTIFIER = AA2019.ReSwiftNanoChallenge;
				PRODUCT_NAME = "$(TARGET_NAME)";
				SWIFT_VERSION = 5.0;
				TARGETED_DEVICE_FAMILY = "1,2";
			};
			name = Debug;
		};
		3A4D912123048E93001EAB6D /* Release */ = {
			isa = XCBuildConfiguration;
			baseConfigurationReference = FF25C26D136B53D08B4471D1 /* Pods-ReSwiftNanoChallenge.release.xcconfig */;
			buildSettings = {
				ASSETCATALOG_COMPILER_APPICON_NAME = AppIcon;
				CODE_SIGN_STYLE = Automatic;
				DEVELOPMENT_TEAM = V4HVD5P383;
				INFOPLIST_FILE = "$(SRCROOT)/ReSwiftNanoChallenge/Support/Info.plist";
				LD_RUNPATH_SEARCH_PATHS = (
					"$(inherited)",
					"@executable_path/Frameworks",
				);
				PRODUCT_BUNDLE_IDENTIFIER = AA2019.ReSwiftNanoChallenge;
				PRODUCT_NAME = "$(TARGET_NAME)";
				SWIFT_VERSION = 5.0;
				TARGETED_DEVICE_FAMILY = "1,2";
			};
			name = Release;
		};
/* End XCBuildConfiguration section */

/* Begin XCConfigurationList section */
		3A4D910523048E92001EAB6D /* Build configuration list for PBXProject "ReSwiftNanoChallenge" */ = {
			isa = XCConfigurationList;
			buildConfigurations = (
				3A4D911D23048E93001EAB6D /* Debug */,
				3A4D911E23048E93001EAB6D /* Release */,
			);
			defaultConfigurationIsVisible = 0;
			defaultConfigurationName = Release;
		};
		3A4D911F23048E93001EAB6D /* Build configuration list for PBXNativeTarget "ReSwiftNanoChallenge" */ = {
			isa = XCConfigurationList;
			buildConfigurations = (
				3A4D912023048E93001EAB6D /* Debug */,
				3A4D912123048E93001EAB6D /* Release */,
			);
			defaultConfigurationIsVisible = 0;
			defaultConfigurationName = Release;
		};
/* End XCConfigurationList section */

/* Begin XCVersionGroup section */
		3A4D911423048E92001EAB6D /* ReSwiftNanoChallenge.xcdatamodeld */ = {
			isa = XCVersionGroup;
			children = (
				3A4D911523048E92001EAB6D /* ReSwiftNanoChallenge.xcdatamodel */,
			);
			currentVersion = 3A4D911523048E92001EAB6D /* ReSwiftNanoChallenge.xcdatamodel */;
			path = ReSwiftNanoChallenge.xcdatamodeld;
			sourceTree = "<group>";
			versionGroupType = wrapper.xcdatamodel;
		};
/* End XCVersionGroup section */
	};
	rootObject = 3A4D910223048E92001EAB6D /* Project object */;
}
